Microsoft Visual Studio Solution File, Format Version 12.00
# Visual Studio Version 17
VisualStudioVersion = 17.5.2.0
MinimumVisualStudioVersion = 10.0.40219.1
Project("{2150E333-8FDC-42A3-9474-1A3956D46DE8}") = "src", "src", "{827E0CD3-B72D-47B6-A68D-7590B98EB39B}"
EndProject
Project("{FAE04EC0-301F-11D3-BF4B-00C04F79EFBC}") = "InventoryService", "src\InventoryService\InventoryService.csproj", "{2D79A018-DB75-074E-6820-11C3E7B043B3}"
EndProject
Project("{FAE04EC0-301F-11D3-BF4B-00C04F79EFBC}") = "FloatService", "src\FloatService\FloatService.csproj", "{A6D741FD-A1EE-FDF5-61C9-5B6EC241B566}"
EndProject
Global
	GlobalSection(SolutionConfigurationPlatforms) = preSolution
		Debug|Any CPU = Debug|Any CPU
		Release|Any CPU = Release|Any CPU
	EndGlobalSection
	GlobalSection(ProjectConfigurationPlatforms) = postSolution
		{2D79A018-DB75-074E-6820-11C3E7B043B3}.Debug|Any CPU.ActiveCfg = Debug|Any CPU
		{2D79A018-DB75-074E-6820-11C3E7B043B3}.Debug|Any CPU.Build.0 = Debug|Any CPU
		{2D79A018-DB75-074E-6820-11C3E7B043B3}.Release|Any CPU.ActiveCfg = Release|Any CPU
		{2D79A018-DB75-074E-6820-11C3E7B043B3}.Release|Any CPU.Build.0 = Release|Any CPU
		{A6D741FD-A1EE-FDF5-61C9-5B6EC241B566}.Debug|Any CPU.ActiveCfg = Debug|Any CPU
		{A6D741FD-A1EE-FDF5-61C9-5B6EC241B566}.Debug|Any CPU.Build.0 = Debug|Any CPU
		{A6D741FD-A1EE-FDF5-61C9-5B6EC241B566}.Release|Any CPU.ActiveCfg = Release|Any CPU
		{A6D741FD-A1EE-FDF5-61C9-5B6EC241B566}.Release|Any CPU.Build.0 = Release|Any CPU
	EndGlobalSection
	GlobalSection(SolutionProperties) = preSolution
		HideSolutionNode = FALSE
	EndGlobalSection
	GlobalSection(NestedProjects) = preSolution
		{2D79A018-DB75-074E-6820-11C3E7B043B3} = {827E0CD3-B72D-47B6-A68D-7590B98EB39B}
		{A6D741FD-A1EE-FDF5-61C9-5B6EC241B566} = {827E0CD3-B72D-47B6-A68D-7590B98EB39B}
	EndGlobalSection
	GlobalSection(ExtensibilityGlobals) = postSolution
		SolutionGuid = {BD72E74E-87D4-4A7E-BC01-3807C79D71B7}
	EndGlobalSection
EndGlobal
